// !$*UTF8*$!
{
	archiveVersion = 1;
	classes = {
	};
	objectVersion = 51;
	objects = {

/* Begin PBXBuildFile section */
		035F96AB4F046B73408B7986 /* Pods_DemoApp.framework in Frameworks */ = {isa = PBXBuildFile; fileRef = 9086FEF53AE3F8509488DD96 /* Pods_DemoApp.framework */; };
		66BB68138E850C382AB48D1C /* Pods_DemoAppTests.framework in Frameworks */ = {isa = PBXBuildFile; fileRef = 2E6BD769209E639C03584D81 /* Pods_DemoAppTests.framework */; };
		86E2AEAF2527AC7E00FF73DF /* MovieDetailsViewController.swift in Sources */ = {isa = PBXBuildFile; fileRef = 86E2AEAE2527AC7E00FF73DF /* MovieDetailsViewController.swift */; };
		86E2AEB42527D56F00FF73DF /* MovieGridViewController.swift in Sources */ = {isa = PBXBuildFile; fileRef = 86E2AEB32527D56F00FF73DF /* MovieGridViewController.swift */; };
		86E2AEB92527DD7B00FF73DF /* MovieGridCell.swift in Sources */ = {isa = PBXBuildFile; fileRef = 86E2AEB82527DD7B00FF73DF /* MovieGridCell.swift */; };
		86E2AEBE2527ED0F00FF73DF /* MovieGridDetailsViewController.swift in Sources */ = {isa = PBXBuildFile; fileRef = 86E2AEBD2527ED0F00FF73DF /* MovieGridDetailsViewController.swift */; };
		86FCFC94251EBCF8009D728A /* AppDelegate.swift in Sources */ = {isa = PBXBuildFile; fileRef = 86FCFC93251EBCF8009D728A /* AppDelegate.swift */; };
		86FCFC96251EBCF8009D728A /* SceneDelegate.swift in Sources */ = {isa = PBXBuildFile; fileRef = 86FCFC95251EBCF8009D728A /* SceneDelegate.swift */; };
		86FCFC9B251EBCF8009D728A /* Main.storyboard in Resources */ = {isa = PBXBuildFile; fileRef = 86FCFC99251EBCF8009D728A /* Main.storyboard */; };
		86FCFC9D251EBCFB009D728A /* Assets.xcassets in Resources */ = {isa = PBXBuildFile; fileRef = 86FCFC9C251EBCFB009D728A /* Assets.xcassets */; };
		86FCFCA0251EBCFB009D728A /* LaunchScreen.storyboard in Resources */ = {isa = PBXBuildFile; fileRef = 86FCFC9E251EBCFB009D728A /* LaunchScreen.storyboard */; };
		86FCFCAB251EBCFC009D728A /* DemoAppTests.swift in Sources */ = {isa = PBXBuildFile; fileRef = 86FCFCAA251EBCFC009D728A /* DemoAppTests.swift */; };
		86FCFCB6251EBCFC009D728A /* DemoAppUITests.swift in Sources */ = {isa = PBXBuildFile; fileRef = 86FCFCB5251EBCFC009D728A /* DemoAppUITests.swift */; };
		86FCFCD2251ED1BC009D728A /* MoviesViewController.swift in Sources */ = {isa = PBXBuildFile; fileRef = 86FCFCD1251ED1BC009D728A /* MoviesViewController.swift */; };
		86FCFCD7251ED9E9009D728A /* MovieCell.swift in Sources */ = {isa = PBXBuildFile; fileRef = 86FCFCD6251ED9E9009D728A /* MovieCell.swift */; };
		D69950153FF08FEAC0F158E1 /* Pods_DemoApp_DemoAppUITests.framework in Frameworks */ = {isa = PBXBuildFile; fileRef = E74A4C90831A0EE9F073C105 /* Pods_DemoApp_DemoAppUITests.framework */; };
/* End PBXBuildFile section */

/* Begin PBXContainerItemProxy section */
		86FCFCA7251EBCFC009D728A /* PBXContainerItemProxy */ = {
			isa = PBXContainerItemProxy;
			containerPortal = 86FCFC88251EBCF8009D728A /* Project object */;
			proxyType = 1;
			remoteGlobalIDString = 86FCFC8F251EBCF8009D728A;
			remoteInfo = DemoApp;
		};
		86FCFCB2251EBCFC009D728A /* PBXContainerItemProxy */ = {
			isa = PBXContainerItemProxy;
			containerPortal = 86FCFC88251EBCF8009D728A /* Project object */;
			proxyType = 1;
			remoteGlobalIDString = 86FCFC8F251EBCF8009D728A;
			remoteInfo = DemoApp;
		};
/* End PBXContainerItemProxy section */

/* Begin PBXFileReference section */
		1131B28EA4AD6761CBD17C7D /* Pods-DemoAppTests.debug.xcconfig */ = {isa = PBXFileReference; includeInIndex = 1; lastKnownFileType = text.xcconfig; name = "Pods-DemoAppTests.debug.xcconfig"; path = "Target Support Files/Pods-DemoAppTests/Pods-DemoAppTests.debug.xcconfig"; sourceTree = "<group>"; };
		2D7A0F82E29755347A6B7809 /* Pods-DemoAppTests.release.xcconfig */ = {isa = PBXFileReference; includeInIndex = 1; lastKnownFileType = text.xcconfig; name = "Pods-DemoAppTests.release.xcconfig"; path = "Target Support Files/Pods-DemoAppTests/Pods-DemoAppTests.release.xcconfig"; sourceTree = "<group>"; };
		2E6BD769209E639C03584D81 /* Pods_DemoAppTests.framework */ = {isa = PBXFileReference; explicitFileType = wrapper.framework; includeInIndex = 0; path = Pods_DemoAppTests.framework; sourceTree = BUILT_PRODUCTS_DIR; };
		86E2AEAE2527AC7E00FF73DF /* MovieDetailsViewController.swift */ = {isa = PBXFileReference; lastKnownFileType = sourcecode.swift; path = MovieDetailsViewController.swift; sourceTree = "<group>"; };
		86E2AEB32527D56F00FF73DF /* MovieGridViewController.swift */ = {isa = PBXFileReference; lastKnownFileType = sourcecode.swift; path = MovieGridViewController.swift; sourceTree = "<group>"; };
		86E2AEB82527DD7B00FF73DF /* MovieGridCell.swift */ = {isa = PBXFileReference; lastKnownFileType = sourcecode.swift; path = MovieGridCell.swift; sourceTree = "<group>"; };
		86E2AEBD2527ED0F00FF73DF /* MovieGridDetailsViewController.swift */ = {isa = PBXFileReference; lastKnownFileType = sourcecode.swift; path = MovieGridDetailsViewController.swift; sourceTree = "<group>"; };
		86FCFC90251EBCF8009D728A /* DemoApp.app */ = {isa = PBXFileReference; explicitFileType = wrapper.application; includeInIndex = 0; path = DemoApp.app; sourceTree = BUILT_PRODUCTS_DIR; };
		86FCFC93251EBCF8009D728A /* AppDelegate.swift */ = {isa = PBXFileReference; lastKnownFileType = sourcecode.swift; path = AppDelegate.swift; sourceTree = "<group>"; };
		86FCFC95251EBCF8009D728A /* SceneDelegate.swift */ = {isa = PBXFileReference; lastKnownFileType = sourcecode.swift; path = SceneDelegate.swift; sourceTree = "<group>"; };
		86FCFC9A251EBCF8009D728A /* Base */ = {isa = PBXFileReference; lastKnownFileType = file.storyboard; name = Base; path = Base.lproj/Main.storyboard; sourceTree = "<group>"; };
		86FCFC9C251EBCFB009D728A /* Assets.xcassets */ = {isa = PBXFileReference; lastKnownFileType = folder.assetcatalog; path = Assets.xcassets; sourceTree = "<group>"; };
		86FCFC9F251EBCFB009D728A /* Base */ = {isa = PBXFileReference; lastKnownFileType = file.storyboard; name = Base; path = Base.lproj/LaunchScreen.storyboard; sourceTree = "<group>"; };
		86FCFCA1251EBCFB009D728A /* Info.plist */ = {isa = PBXFileReference; lastKnownFileType = text.plist.xml; path = Info.plist; sourceTree = "<group>"; };
		86FCFCA6251EBCFC009D728A /* DemoAppTests.xctest */ = {isa = PBXFileReference; explicitFileType = wrapper.cfbundle; includeInIndex = 0; path = DemoAppTests.xctest; sourceTree = BUILT_PRODUCTS_DIR; };
		86FCFCAA251EBCFC009D728A /* DemoAppTests.swift */ = {isa = PBXFileReference; lastKnownFileType = sourcecode.swift; path = DemoAppTests.swift; sourceTree = "<group>"; };
		86FCFCAC251EBCFC009D728A /* Info.plist */ = {isa = PBXFileReference; lastKnownFileType = text.plist.xml; path = Info.plist; sourceTree = "<group>"; };
		86FCFCB1251EBCFC009D728A /* DemoAppUITests.xctest */ = {isa = PBXFileReference; explicitFileType = wrapper.cfbundle; includeInIndex = 0; path = DemoAppUITests.xctest; sourceTree = BUILT_PRODUCTS_DIR; };
		86FCFCB5251EBCFC009D728A /* DemoAppUITests.swift */ = {isa = PBXFileReference; lastKnownFileType = sourcecode.swift; path = DemoAppUITests.swift; sourceTree = "<group>"; };
		86FCFCB7251EBCFC009D728A /* Info.plist */ = {isa = PBXFileReference; lastKnownFileType = text.plist.xml; path = Info.plist; sourceTree = "<group>"; };
		86FCFCD1251ED1BC009D728A /* MoviesViewController.swift */ = {isa = PBXFileReference; lastKnownFileType = sourcecode.swift; path = MoviesViewController.swift; sourceTree = "<group>"; };
		86FCFCD6251ED9E9009D728A /* MovieCell.swift */ = {isa = PBXFileReference; lastKnownFileType = sourcecode.swift; path = MovieCell.swift; sourceTree = "<group>"; };
		9086FEF53AE3F8509488DD96 /* Pods_DemoApp.framework */ = {isa = PBXFileReference; explicitFileType = wrapper.framework; includeInIndex = 0; path = Pods_DemoApp.framework; sourceTree = BUILT_PRODUCTS_DIR; };
		C27814F99B8B358EB3AAC14D /* Pods-DemoApp.release.xcconfig */ = {isa = PBXFileReference; includeInIndex = 1; lastKnownFileType = text.xcconfig; name = "Pods-DemoApp.release.xcconfig"; path = "Target Support Files/Pods-DemoApp/Pods-DemoApp.release.xcconfig"; sourceTree = "<group>"; };
		C9BC2398826C91E14FBBD514 /* Pods-DemoApp-DemoAppUITests.release.xcconfig */ = {isa = PBXFileReference; includeInIndex = 1; lastKnownFileType = text.xcconfig; name = "Pods-DemoApp-DemoAppUITests.release.xcconfig"; path = "Target Support Files/Pods-DemoApp-DemoAppUITests/Pods-DemoApp-DemoAppUITests.release.xcconfig"; sourceTree = "<group>"; };
		D3767DECA9B82458710D7D14 /* Pods-DemoApp.debug.xcconfig */ = {isa = PBXFileReference; includeInIndex = 1; lastKnownFileType = text.xcconfig; name = "Pods-DemoApp.debug.xcconfig"; path = "Target Support Files/Pods-DemoApp/Pods-DemoApp.debug.xcconfig"; sourceTree = "<group>"; };
		E74A4C90831A0EE9F073C105 /* Pods_DemoApp_DemoAppUITests.framework */ = {isa = PBXFileReference; explicitFileType = wrapper.framework; includeInIndex = 0; path = Pods_DemoApp_DemoAppUITests.framework; sourceTree = BUILT_PRODUCTS_DIR; };
		E880A598D7974A96D8BD9EB4 /* Pods-DemoApp-DemoAppUITests.debug.xcconfig */ = {isa = PBXFileReference; includeInIndex = 1; lastKnownFileType = text.xcconfig; name = "Pods-DemoApp-DemoAppUITests.debug.xcconfig"; path = "Target Support Files/Pods-DemoApp-DemoAppUITests/Pods-DemoApp-DemoAppUITests.debug.xcconfig"; sourceTree = "<group>"; };
/* End PBXFileReference section */

/* Begin PBXFrameworksBuildPhase section */
		86FCFC8D251EBCF8009D728A /* Frameworks */ = {
			isa = PBXFrameworksBuildPhase;
			buildActionMask = 2147483647;
			files = (
				035F96AB4F046B73408B7986 /* Pods_DemoApp.framework in Frameworks */,
			);
			runOnlyForDeploymentPostprocessing = 0;
		};
		86FCFCA3251EBCFC009D728A /* Frameworks */ = {
			isa = PBXFrameworksBuildPhase;
			buildActionMask = 2147483647;
			files = (
				66BB68138E850C382AB48D1C /* Pods_DemoAppTests.framework in Frameworks */,
			);
			runOnlyForDeploymentPostprocessing = 0;
		};
		86FCFCAE251EBCFC009D728A /* Frameworks */ = {
			isa = PBXFrameworksBuildPhase;
			buildActionMask = 2147483647;
			files = (
				D69950153FF08FEAC0F158E1 /* Pods_DemoApp_DemoAppUITests.framework in Frameworks */,
			);
			runOnlyForDeploymentPostprocessing = 0;
		};
/* End PBXFrameworksBuildPhase section */

/* Begin PBXGroup section */
		86FCFC87251EBCF8009D728A = {
			isa = PBXGroup;
			children = (
				86FCFC92251EBCF8009D728A /* DemoApp */,
				86FCFCA9251EBCFC009D728A /* DemoAppTests */,
				86FCFCB4251EBCFC009D728A /* DemoAppUITests */,
				86FCFC91251EBCF8009D728A /* Products */,
				D28F06E6C49A9CCD6F4435A9 /* Pods */,
				DDC637F36431B8767286B577 /* Frameworks */,
			);
			sourceTree = "<group>";
		};
		86FCFC91251EBCF8009D728A /* Products */ = {
			isa = PBXGroup;
			children = (
				86FCFC90251EBCF8009D728A /* DemoApp.app */,
				86FCFCA6251EBCFC009D728A /* DemoAppTests.xctest */,
				86FCFCB1251EBCFC009D728A /* DemoAppUITests.xctest */,
			);
			name = Products;
			sourceTree = "<group>";
		};
		86FCFC92251EBCF8009D728A /* DemoApp */ = {
			isa = PBXGroup;
			children = (
				86FCFC93251EBCF8009D728A /* AppDelegate.swift */,
				86FCFC95251EBCF8009D728A /* SceneDelegate.swift */,
				86FCFC99251EBCF8009D728A /* Main.storyboard */,
				86E2AEBD2527ED0F00FF73DF /* MovieGridDetailsViewController.swift */,
				86E2AEB82527DD7B00FF73DF /* MovieGridCell.swift */,
				86E2AEB32527D56F00FF73DF /* MovieGridViewController.swift */,
				86E2AEAE2527AC7E00FF73DF /* MovieDetailsViewController.swift */,
				86FCFCD6251ED9E9009D728A /* MovieCell.swift */,
				86FCFCD1251ED1BC009D728A /* MoviesViewController.swift */,
				86FCFC9C251EBCFB009D728A /* Assets.xcassets */,
				86FCFC9E251EBCFB009D728A /* LaunchScreen.storyboard */,
				86FCFCA1251EBCFB009D728A /* Info.plist */,
			);
			path = DemoApp;
			sourceTree = "<group>";
		};
		86FCFCA9251EBCFC009D728A /* DemoAppTests */ = {
			isa = PBXGroup;
			children = (
				86FCFCAA251EBCFC009D728A /* DemoAppTests.swift */,
				86FCFCAC251EBCFC009D728A /* Info.plist */,
			);
			path = DemoAppTests;
			sourceTree = "<group>";
		};
		86FCFCB4251EBCFC009D728A /* DemoAppUITests */ = {
			isa = PBXGroup;
			children = (
				86FCFCB5251EBCFC009D728A /* DemoAppUITests.swift */,
				86FCFCB7251EBCFC009D728A /* Info.plist */,
			);
			path = DemoAppUITests;
			sourceTree = "<group>";
		};
		D28F06E6C49A9CCD6F4435A9 /* Pods */ = {
			isa = PBXGroup;
			children = (
				D3767DECA9B82458710D7D14 /* Pods-DemoApp.debug.xcconfig */,
				C27814F99B8B358EB3AAC14D /* Pods-DemoApp.release.xcconfig */,
				E880A598D7974A96D8BD9EB4 /* Pods-DemoApp-DemoAppUITests.debug.xcconfig */,
				C9BC2398826C91E14FBBD514 /* Pods-DemoApp-DemoAppUITests.release.xcconfig */,
				1131B28EA4AD6761CBD17C7D /* Pods-DemoAppTests.debug.xcconfig */,
				2D7A0F82E29755347A6B7809 /* Pods-DemoAppTests.release.xcconfig */,
			);
			path = Pods;
			sourceTree = "<group>";
		};
		DDC637F36431B8767286B577 /* Frameworks */ = {
			isa = PBXGroup;
			children = (
				9086FEF53AE3F8509488DD96 /* Pods_DemoApp.framework */,
				E74A4C90831A0EE9F073C105 /* Pods_DemoApp_DemoAppUITests.framework */,
				2E6BD769209E639C03584D81 /* Pods_DemoAppTests.framework */,
			);
			name = Frameworks;
			sourceTree = "<group>";
		};
/* End PBXGroup section */

/* Begin PBXNativeTarget section */
		86FCFC8F251EBCF8009D728A /* DemoApp */ = {
			isa = PBXNativeTarget;
			buildConfigurationList = 86FCFCBA251EBCFC009D728A /* Build configuration list for PBXNativeTarget "DemoApp" */;
			buildPhases = (
				B94CD9959348DCE8761A4525 /* [CP] Check Pods Manifest.lock */,
				86FCFC8C251EBCF8009D728A /* Sources */,
				86FCFC8D251EBCF8009D728A /* Frameworks */,
				86FCFC8E251EBCF8009D728A /* Resources */,
				B22F397597544C4D30D70D1D /* [CP] Embed Pods Frameworks */,
			);
			buildRules = (
			);
			dependencies = (
			);
			name = DemoApp;
			productName = DemoApp;
			productReference = 86FCFC90251EBCF8009D728A /* DemoApp.app */;
			productType = "com.apple.product-type.application";
		};
		86FCFCA5251EBCFC009D728A /* DemoAppTests */ = {
			isa = PBXNativeTarget;
			buildConfigurationList = 86FCFCBD251EBCFC009D728A /* Build configuration list for PBXNativeTarget "DemoAppTests" */;
			buildPhases = (
				1918EFD3FDF6E754A3DED8E9 /* [CP] Check Pods Manifest.lock */,
				86FCFCA2251EBCFC009D728A /* Sources */,
				86FCFCA3251EBCFC009D728A /* Frameworks */,
				86FCFCA4251EBCFC009D728A /* Resources */,
			);
			buildRules = (
			);
			dependencies = (
				86FCFCA8251EBCFC009D728A /* PBXTargetDependency */,
			);
			name = DemoAppTests;
			productName = DemoAppTests;
			productReference = 86FCFCA6251EBCFC009D728A /* DemoAppTests.xctest */;
			productType = "com.apple.product-type.bundle.unit-test";
		};
		86FCFCB0251EBCFC009D728A /* DemoAppUITests */ = {
			isa = PBXNativeTarget;
			buildConfigurationList = 86FCFCC0251EBCFC009D728A /* Build configuration list for PBXNativeTarget "DemoAppUITests" */;
			buildPhases = (
				C35823A377CC6D11E5C0A949 /* [CP] Check Pods Manifest.lock */,
				86FCFCAD251EBCFC009D728A /* Sources */,
				86FCFCAE251EBCFC009D728A /* Frameworks */,
				86FCFCAF251EBCFC009D728A /* Resources */,
				A77F82EBD00B07C5CA9350A5 /* [CP] Embed Pods Frameworks */,
			);
			buildRules = (
			);
			dependencies = (
				86FCFCB3251EBCFC009D728A /* PBXTargetDependency */,
			);
			name = DemoAppUITests;
			productName = DemoAppUITests;
			productReference = 86FCFCB1251EBCFC009D728A /* DemoAppUITests.xctest */;
			productType = "com.apple.product-type.bundle.ui-testing";
		};
/* End PBXNativeTarget section */

/* Begin PBXProject section */
		86FCFC88251EBCF8009D728A /* Project object */ = {
			isa = PBXProject;
			attributes = {
				LastSwiftUpdateCheck = 1200;
				LastUpgradeCheck = 1200;
				TargetAttributes = {
					86FCFC8F251EBCF8009D728A = {
						CreatedOnToolsVersion = 12.0.1;
					};
					86FCFCA5251EBCFC009D728A = {
						CreatedOnToolsVersion = 12.0.1;
						TestTargetID = 86FCFC8F251EBCF8009D728A;
					};
					86FCFCB0251EBCFC009D728A = {
						CreatedOnToolsVersion = 12.0.1;
						TestTargetID = 86FCFC8F251EBCF8009D728A;
					};
				};
			};
			buildConfigurationList = 86FCFC8B251EBCF8009D728A /* Build configuration list for PBXProject "DemoApp" */;
			compatibilityVersion = "Xcode 9.3";
			developmentRegion = en;
			hasScannedForEncodings = 0;
			knownRegions = (
				en,
				Base,
			);
			mainGroup = 86FCFC87251EBCF8009D728A;
			productRefGroup = 86FCFC91251EBCF8009D728A /* Products */;
			projectDirPath = "";
			projectRoot = "";
			targets = (
				86FCFC8F251EBCF8009D728A /* DemoApp */,
				86FCFCA5251EBCFC009D728A /* DemoAppTests */,
				86FCFCB0251EBCFC009D728A /* DemoAppUITests */,
			);
		};
/* End PBXProject section */

/* Begin PBXResourcesBuildPhase section */
		86FCFC8E251EBCF8009D728A /* Resources */ = {
			isa = PBXResourcesBuildPhase;
			buildActionMask = 2147483647;
			files = (
				86FCFCA0251EBCFB009D728A /* LaunchScreen.storyboard in Resources */,
				86FCFC9D251EBCFB009D728A /* Assets.xcassets in Resources */,
				86FCFC9B251EBCF8009D728A /* Main.storyboard in Resources */,
			);
			runOnlyForDeploymentPostprocessing = 0;
		};
		86FCFCA4251EBCFC009D728A /* Resources */ = {
			isa = PBXResourcesBuildPhase;
			buildActionMask = 2147483647;
			files = (
			);
			runOnlyForDeploymentPostprocessing = 0;
		};
		86FCFCAF251EBCFC009D728A /* Resources */ = {
			isa = PBXResourcesBuildPhase;
			buildActionMask = 2147483647;
			files = (
			);
			runOnlyForDeploymentPostprocessing = 0;
		};
/* End PBXResourcesBuildPhase section */

/* Begin PBXShellScriptBuildPhase section */
		1918EFD3FDF6E754A3DED8E9 /* [CP] Check Pods Manifest.lock */ = {
			isa = PBXShellScriptBuildPhase;
			buildActionMask = 2147483647;
			files = (
			);
			inputFileListPaths = (
			);
			inputPaths = (
				"${PODS_PODFILE_DIR_PATH}/Podfile.lock",
				"${PODS_ROOT}/Manifest.lock",
			);
			name = "[CP] Check Pods Manifest.lock";
			outputFileListPaths = (
			);
			outputPaths = (
				"$(DERIVED_FILE_DIR)/Pods-DemoAppTests-checkManifestLockResult.txt",
			);
			runOnlyForDeploymentPostprocessing = 0;
			shellPath = /bin/sh;
			shellScript = "diff \"${PODS_PODFILE_DIR_PATH}/Podfile.lock\" \"${PODS_ROOT}/Manifest.lock\" > /dev/null\nif [ $? != 0 ] ; then\n    # print error to STDERR\n    echo \"error: The sandbox is not in sync with the Podfile.lock. Run 'pod install' or update your CocoaPods installation.\" >&2\n    exit 1\nfi\n# This output is used by Xcode 'outputs' to avoid re-running this script phase.\necho \"SUCCESS\" > \"${SCRIPT_OUTPUT_FILE_0}\"\n";
			showEnvVarsInLog = 0;
		};
		A77F82EBD00B07C5CA9350A5 /* [CP] Embed Pods Frameworks */ = {
			isa = PBXShellScriptBuildPhase;
			buildActionMask = 2147483647;
			files = (
			);
			inputFileListPaths = (
				"${PODS_ROOT}/Target Support Files/Pods-DemoApp-DemoAppUITests/Pods-DemoApp-DemoAppUITests-frameworks-${CONFIGURATION}-input-files.xcfilelist",
			);
			name = "[CP] Embed Pods Frameworks";
			outputFileListPaths = (
				"${PODS_ROOT}/Target Support Files/Pods-DemoApp-DemoAppUITests/Pods-DemoApp-DemoAppUITests-frameworks-${CONFIGURATION}-output-files.xcfilelist",
			);
			runOnlyForDeploymentPostprocessing = 0;
			shellPath = /bin/sh;
			shellScript = "\"${PODS_ROOT}/Target Support Files/Pods-DemoApp-DemoAppUITests/Pods-DemoApp-DemoAppUITests-frameworks.sh\"\n";
			showEnvVarsInLog = 0;
		};
		B22F397597544C4D30D70D1D /* [CP] Embed Pods Frameworks */ = {
			isa = PBXShellScriptBuildPhase;
			buildActionMask = 2147483647;
			files = (
			);
			inputFileListPaths = (
				"${PODS_ROOT}/Target Support Files/Pods-DemoApp/Pods-DemoApp-frameworks-${CONFIGURATION}-input-files.xcfilelist",
			);
			name = "[CP] Embed Pods Frameworks";
			outputFileListPaths = (
				"${PODS_ROOT}/Target Support Files/Pods-DemoApp/Pods-DemoApp-frameworks-${CONFIGURATION}-output-files.xcfilelist",
			);
			runOnlyForDeploymentPostprocessing = 0;
			shellPath = /bin/sh;
			shellScript = "\"${PODS_ROOT}/Target Support Files/Pods-DemoApp/Pods-DemoApp-frameworks.sh\"\n";
			showEnvVarsInLog = 0;
		};
		B94CD9959348DCE8761A4525 /* [CP] Check Pods Manifest.lock */ = {
			isa = PBXShellScriptBuildPhase;
			buildActionMask = 2147483647;
			files = (
			);
			inputFileListPaths = (
			);
			inputPaths = (
				"${PODS_PODFILE_DIR_PATH}/Podfile.lock",
				"${PODS_ROOT}/Manifest.lock",
			);
			name = "[CP] Check Pods Manifest.lock";
			outputFileListPaths = (
			);
			outputPaths = (
				"$(DERIVED_FILE_DIR)/Pods-DemoApp-checkManifestLockResult.txt",
			);
			runOnlyForDeploymentPostprocessing = 0;
			shellPath = /bin/sh;
			shellScript = "diff \"${PODS_PODFILE_DIR_PATH}/Podfile.lock\" \"${PODS_ROOT}/Manifest.lock\" > /dev/null\nif [ $? != 0 ] ; then\n    # print error to STDERR\n    echo \"error: The sandbox is not in sync with the Podfile.lock. Run 'pod install' or update your CocoaPods installation.\" >&2\n    exit 1\nfi\n# This output is used by Xcode 'outputs' to avoid re-running this script phase.\necho \"SUCCESS\" > \"${SCRIPT_OUTPUT_FILE_0}\"\n";
			showEnvVarsInLog = 0;
		};
		C35823A377CC6D11E5C0A949 /* [CP] Check Pods Manifest.lock */ = {
			isa = PBXShellScriptBuildPhase;
			buildActionMask = 2147483647;
			files = (
			);
			inputFileListPaths = (
			);
			inputPaths = (
				"${PODS_PODFILE_DIR_PATH}/Podfile.lock",
				"${PODS_ROOT}/Manifest.lock",
			);
			name = "[CP] Check Pods Manifest.lock";
			outputFileListPaths = (
			);
			outputPaths = (
				"$(DERIVED_FILE_DIR)/Pods-DemoApp-DemoAppUITests-checkManifestLockResult.txt",
			);
			runOnlyForDeploymentPostprocessing = 0;
			shellPath = /bin/sh;
			shellScript = "diff \"${PODS_PODFILE_DIR_PATH}/Podfile.lock\" \"${PODS_ROOT}/Manifest.lock\" > /dev/null\nif [ $? != 0 ] ; then\n    # print error to STDERR\n    echo \"error: The sandbox is not in sync with the Podfile.lock. Run 'pod install' or update your CocoaPods installation.\" >&2\n    exit 1\nfi\n# This output is used by Xcode 'outputs' to avoid re-running this script phase.\necho \"SUCCESS\" > \"${SCRIPT_OUTPUT_FILE_0}\"\n";
			showEnvVarsInLog = 0;
		};
/* End PBXShellScriptBuildPhase section */

/* Begin PBXSourcesBuildPhase section */
		86FCFC8C251EBCF8009D728A /* Sources */ = {
			isa = PBXSourcesBuildPhase;
			buildActionMask = 2147483647;
			files = (
				86E2AEAF2527AC7E00FF73DF /* MovieDetailsViewController.swift in Sources */,
				86FCFC94251EBCF8009D728A /* AppDelegate.swift in Sources */,
				86E2AEBE2527ED0F00FF73DF /* MovieGridDetailsViewController.swift in Sources */,
				86FCFC96251EBCF8009D728A /* SceneDelegate.swift in Sources */,
				86FCFCD7251ED9E9009D728A /* MovieCell.swift in Sources */,
				86FCFCD2251ED1BC009D728A /* MoviesViewController.swift in Sources */,
				86E2AEB42527D56F00FF73DF /* MovieGridViewController.swift in Sources */,
				86E2AEB92527DD7B00FF73DF /* MovieGridCell.swift in Sources */,
			);
			runOnlyForDeploymentPostprocessing = 0;
		};
		86FCFCA2251EBCFC009D728A /* Sources */ = {
			isa = PBXSourcesBuildPhase;
			buildActionMask = 2147483647;
			files = (
				86FCFCAB251EBCFC009D728A /* DemoAppTests.swift in Sources */,
			);
			runOnlyForDeploymentPostprocessing = 0;
		};
		86FCFCAD251EBCFC009D728A /* Sources */ = {
			isa = PBXSourcesBuildPhase;
			buildActionMask = 2147483647;
			files = (
				86FCFCB6251EBCFC009D728A /* DemoAppUITests.swift in Sources */,
			);
			runOnlyForDeploymentPostprocessing = 0;
		};
/* End PBXSourcesBuildPhase section */

/* Begin PBXTargetDependency section */
		86FCFCA8251EBCFC009D728A /* PBXTargetDependency */ = {
			isa = PBXTargetDependency;
			target = 86FCFC8F251EBCF8009D728A /* DemoApp */;
			targetProxy = 86FCFCA7251EBCFC009D728A /* PBXContainerItemProxy */;
		};
		86FCFCB3251EBCFC009D728A /* PBXTargetDependency */ = {
			isa = PBXTargetDependency;
			target = 86FCFC8F251EBCF8009D728A /* DemoApp */;
			targetProxy = 86FCFCB2251EBCFC009D728A /* PBXContainerItemProxy */;
		};
/* End PBXTargetDependency section */

/* Begin PBXVariantGroup section */
		86FCFC99251EBCF8009D728A /* Main.storyboard */ = {
			isa = PBXVariantGroup;
			children = (
				86FCFC9A251EBCF8009D728A /* Base */,
			);
			name = Main.storyboard;
			sourceTree = "<group>";
		};
		86FCFC9E251EBCFB009D728A /* LaunchScreen.storyboard */ = {
			isa = PBXVariantGroup;
			children = (
				86FCFC9F251EBCFB009D728A /* Base */,
			);
			name = LaunchScreen.storyboard;
			sourceTree = "<group>";
		};
/* End PBXVariantGroup section */

/* Begin XCBuildConfiguration section */
		86FCFCB8251EBCFC009D728A /* Debug */ = {
			isa = XCBuildConfiguration;
			buildSettings = {
				ALWAYS_SEARCH_USER_PATHS = NO;
				CLANG_ANALYZER_NONNULL = YES;
				CLANG_ANALYZER_NUMBER_OBJECT_CONVERSION = YES_AGGRESSIVE;
				CLANG_CXX_LANGUAGE_STANDARD = "gnu++14";
				CLANG_CXX_LIBRARY = "libc++";
				CLANG_ENABLE_MODULES = YES;
				CLANG_ENABLE_OBJC_ARC = YES;
				CLANG_ENABLE_OBJC_WEAK = YES;
				CLANG_WARN_BLOCK_CAPTURE_AUTORELEASING = YES;
				CLANG_WARN_BOOL_CONVERSION = YES;
				CLANG_WARN_COMMA = YES;
				CLANG_WARN_CONSTANT_CONVERSION = YES;
				CLANG_WARN_DEPRECATED_OBJC_IMPLEMENTATIONS = YES;
				CLANG_WARN_DIRECT_OBJC_ISA_USAGE = YES_ERROR;
				CLANG_WARN_DOCUMENTATION_COMMENTS = YES;
				CLANG_WARN_EMPTY_BODY = YES;
				CLANG_WARN_ENUM_CONVERSION = YES;
				CLANG_WARN_INFINITE_RECURSION = YES;
				CLANG_WARN_INT_CONVERSION = YES;
				CLANG_WARN_NON_LITERAL_NULL_CONVERSION = YES;
				CLANG_WARN_OBJC_IMPLICIT_RETAIN_SELF = YES;
				CLANG_WARN_OBJC_LITERAL_CONVERSION = YES;
				CLANG_WARN_OBJC_ROOT_CLASS = YES_ERROR;
				CLANG_WARN_QUOTED_INCLUDE_IN_FRAMEWORK_HEADER = YES;
				CLANG_WARN_RANGE_LOOP_ANALYSIS = YES;
				CLANG_WARN_STRICT_PROTOTYPES = YES;
				CLANG_WARN_SUSPICIOUS_MOVE = YES;
				CLANG_WARN_UNGUARDED_AVAILABILITY = YES_AGGRESSIVE;
				CLANG_WARN_UNREACHABLE_CODE = YES;
				CLANG_WARN__DUPLICATE_METHOD_MATCH = YES;
				COPY_PHASE_STRIP = NO;
				DEBUG_INFORMATION_FORMAT = dwarf;
				ENABLE_STRICT_OBJC_MSGSEND = YES;
				ENABLE_TESTABILITY = YES;
				GCC_C_LANGUAGE_STANDARD = gnu11;
				GCC_DYNAMIC_NO_PIC = NO;
				GCC_NO_COMMON_BLOCKS = YES;
				GCC_OPTIMIZATION_LEVEL = 0;
				GCC_PREPROCESSOR_DEFINITIONS = (
					"DEBUG=1",
					"$(inherited)",
				);
				GCC_WARN_64_TO_32_BIT_CONVERSION = YES;
				GCC_WARN_ABOUT_RETURN_TYPE = YES_ERROR;
				GCC_WARN_UNDECLARED_SELECTOR = YES;
				GCC_WARN_UNINITIALIZED_AUTOS = YES_AGGRESSIVE;
				GCC_WARN_UNUSED_FUNCTION = YES;
				GCC_WARN_UNUSED_VARIABLE = YES;
				IPHONEOS_DEPLOYMENT_TARGET = 14.0;
				MTL_ENABLE_DEBUG_INFO = INCLUDE_SOURCE;
				MTL_FAST_MATH = YES;
				ONLY_ACTIVE_ARCH = YES;
				SDKROOT = iphoneos;
				SWIFT_ACTIVE_COMPILATION_CONDITIONS = DEBUG;
				SWIFT_OPTIMIZATION_LEVEL = "-Onone";
			};
			name = Debug;
		};
		86FCFCB9251EBCFC009D728A /* Release */ = {
			isa = XCBuildConfiguration;
			buildSettings = {
				ALWAYS_SEARCH_USER_PATHS = NO;
				CLANG_ANALYZER_NONNULL = YES;
				CLANG_ANALYZER_NUMBER_OBJECT_CONVERSION = YES_AGGRESSIVE;
				CLANG_CXX_LANGUAGE_STANDARD = "gnu++14";
				CLANG_CXX_LIBRARY = "libc++";
				CLANG_ENABLE_MODULES = YES;
				CLANG_ENABLE_OBJC_ARC = YES;
				CLANG_ENABLE_OBJC_WEAK = YES;
				CLANG_WARN_BLOCK_CAPTURE_AUTORELEASING = YES;
				CLANG_WARN_BOOL_CONVERSION = YES;
				CLANG_WARN_COMMA = YES;
				CLANG_WARN_CONSTANT_CONVERSION = YES;
				CLANG_WARN_DEPRECATED_OBJC_IMPLEMENTATIONS = YES;
				CLANG_WARN_DIRECT_OBJC_ISA_USAGE = YES_ERROR;
				CLANG_WARN_DOCUMENTATION_COMMENTS = YES;
				CLANG_WARN_EMPTY_BODY = YES;
				CLANG_WARN_ENUM_CONVERSION = YES;
				CLANG_WARN_INFINITE_RECURSION = YES;
				CLANG_WARN_INT_CONVERSION = YES;
				CLANG_WARN_NON_LITERAL_NULL_CONVERSION = YES;
				CLANG_WARN_OBJC_IMPLICIT_RETAIN_SELF = YES;
				CLANG_WARN_OBJC_LITERAL_CONVERSION = YES;
				CLANG_WARN_OBJC_ROOT_CLASS = YES_ERROR;
				CLANG_WARN_QUOTED_INCLUDE_IN_FRAMEWORK_HEADER = YES;
				CLANG_WARN_RANGE_LOOP_ANALYSIS = YES;
				CLANG_WARN_STRICT_PROTOTYPES = YES;
				CLANG_WARN_SUSPICIOUS_MOVE = YES;
				CLANG_WARN_UNGUARDED_AVAILABILITY = YES_AGGRESSIVE;
				CLANG_WARN_UNREACHABLE_CODE = YES;
				CLANG_WARN__DUPLICATE_METHOD_MATCH = YES;
				COPY_PHASE_STRIP = NO;
				DEBUG_INFORMATION_FORMAT = "dwarf-with-dsym";
				ENABLE_NS_ASSERTIONS = NO;
				ENABLE_STRICT_OBJC_MSGSEND = YES;
				GCC_C_LANGUAGE_STANDARD = gnu11;
				GCC_NO_COMMON_BLOCKS = YES;
				GCC_WARN_64_TO_32_BIT_CONVERSION = YES;
				GCC_WARN_ABOUT_RETURN_TYPE = YES_ERROR;
				GCC_WARN_UNDECLARED_SELECTOR = YES;
				GCC_WARN_UNINITIALIZED_AUTOS = YES_AGGRESSIVE;
				GCC_WARN_UNUSED_FUNCTION = YES;
				GCC_WARN_UNUSED_VARIABLE = YES;
				IPHONEOS_DEPLOYMENT_TARGET = 14.0;
				MTL_ENABLE_DEBUG_INFO = NO;
				MTL_FAST_MATH = YES;
				SDKROOT = iphoneos;
				SWIFT_COMPILATION_MODE = wholemodule;
				SWIFT_OPTIMIZATION_LEVEL = "-O";
				VALIDATE_PRODUCT = YES;
			};
			name = Release;
		};
		86FCFCBB251EBCFC009D728A /* Debug */ = {
			isa = XCBuildConfiguration;
			baseConfigurationReference = D3767DECA9B82458710D7D14 /* Pods-DemoApp.debug.xcconfig */;
			buildSettings = {
				ASSETCATALOG_COMPILER_APPICON_NAME = AppIcon;
				ASSETCATALOG_COMPILER_GLOBAL_ACCENT_COLOR_NAME = AccentColor;
				CODE_SIGN_STYLE = Automatic;
				INFOPLIST_FILE = DemoApp/Info.plist;
				LD_RUNPATH_SEARCH_PATHS = (
					"$(inherited)",
					"@executable_path/Frameworks",
				);
				PRODUCT_BUNDLE_IDENTIFIER = com.codepath.DemoApp;
				PRODUCT_NAME = "$(TARGET_NAME)";
				SWIFT_VERSION = 5.0;
				TARGETED_DEVICE_FAMILY = "1,2";
			};
			name = Debug;
		};
		86FCFCBC251EBCFC009D728A /* Release */ = {
			isa = XCBuildConfiguration;
			baseConfigurationReference = C27814F99B8B358EB3AAC14D /* Pods-DemoApp.release.xcconfig */;
			buildSettings = {
				ASSETCATALOG_COMPILER_APPICON_NAME = AppIcon;
				ASSETCATALOG_COMPILER_GLOBAL_ACCENT_COLOR_NAME = AccentColor;
				CODE_SIGN_STYLE = Automatic;
				INFOPLIST_FILE = DemoApp/Info.plist;
				LD_RUNPATH_SEARCH_PATHS = (
					"$(inherited)",
					"@executable_path/Frameworks",
				);
				PRODUCT_BUNDLE_IDENTIFIER = com.codepath.DemoApp;
				PRODUCT_NAME = "$(TARGET_NAME)";
				SWIFT_VERSION = 5.0;
				TARGETED_DEVICE_FAMILY = "1,2";
			};
			name = Release;
		};
		86FCFCBE251EBCFC009D728A /* Debug */ = {
			isa = XCBuildConfiguration;
			baseConfigurationReference = 1131B28EA4AD6761CBD17C7D /* Pods-DemoAppTests.debug.xcconfig */;
			buildSettings = {
				ALWAYS_EMBED_SWIFT_STANDARD_LIBRARIES = YES;
				BUNDLE_LOADER = "$(TEST_HOST)";
				CODE_SIGN_STYLE = Automatic;
				INFOPLIST_FILE = DemoAppTests/Info.plist;
				IPHONEOS_DEPLOYMENT_TARGET = 14.0;
				LD_RUNPATH_SEARCH_PATHS = (
					"$(inherited)",
					"@executable_path/Frameworks",
					"@loader_path/Frameworks",
				);
				PRODUCT_BUNDLE_IDENTIFIER = com.codepath.DemoAppTests;
				PRODUCT_NAME = "$(TARGET_NAME)";
				SWIFT_VERSION = 5.0;
				TARGETED_DEVICE_FAMILY = "1,2";
				TEST_HOST = "$(BUILT_PRODUCTS_DIR)/DemoApp.app/DemoApp";
			};
			name = Debug;
		};
		86FCFCBF251EBCFC009D728A /* Release */ = {
			isa = XCBuildConfiguration;
			baseConfigurationReference = 2D7A0F82E29755347A6B7809 /* Pods-DemoAppTests.release.xcconfig */;
			buildSettings = {
				ALWAYS_EMBED_SWIFT_STANDARD_LIBRARIES = YES;
				BUNDLE_LOADER = "$(TEST_HOST)";
				CODE_SIGN_STYLE = Automatic;
				INFOPLIST_FILE = DemoAppTests/Info.plist;
				IPHONEOS_DEPLOYMENT_TARGET = 14.0;
				LD_RUNPATH_SEARCH_PATHS = (
					"$(inherited)",
					"@executable_path/Frameworks",
					"@loader_path/Frameworks",
				);
				PRODUCT_BUNDLE_IDENTIFIER = com.codepath.DemoAppTests;
				PRODUCT_NAME = "$(TARGET_NAME)";
				SWIFT_VERSION = 5.0;
				TARGETED_DEVICE_FAMILY = "1,2";
				TEST_HOST = "$(BUILT_PRODUCTS_DIR)/DemoApp.app/DemoApp";
			};
			name = Release;
		};
		86FCFCC1251EBCFC009D728A /* Debug */ = {
			isa = XCBuildConfiguration;
			baseConfigurationReference = E880A598D7974A96D8BD9EB4 /* Pods-DemoApp-DemoAppUITests.debug.xcconfig */;
			buildSettings = {
				ALWAYS_EMBED_SWIFT_STANDARD_LIBRARIES = YES;
				CODE_SIGN_STYLE = Automatic;
				INFOPLIST_FILE = DemoAppUITests/Info.plist;
				LD_RUNPATH_SEARCH_PATHS = (
					"$(inherited)",
					"@executable_path/Frameworks",
					"@loader_path/Frameworks",
				);
				PRODUCT_BUNDLE_IDENTIFIER = com.codepath.DemoAppUITests;
				PRODUCT_NAME = "$(TARGET_NAME)";
				SWIFT_VERSION = 5.0;
				TARGETED_DEVICE_FAMILY = "1,2";
				TEST_TARGET_NAME = DemoApp;
			};
			name = Debug;
		};
		86FCFCC2251EBCFC009D728A /* Release */ = {
			isa = XCBuildConfiguration;
			baseConfigurationReference = C9BC2398826C91E14FBBD514 /* Pods-DemoApp-DemoAppUITests.release.xcconfig */;
			buildSettings = {
				ALWAYS_EMBED_SWIFT_STANDARD_LIBRARIES = YES;
				CODE_SIGN_STYLE = Automatic;
				INFOPLIST_FILE = DemoAppUITests/Info.plist;
				LD_RUNPATH_SEARCH_PATHS = (
					"$(inherited)",
					"@executable_path/Frameworks",
					"@loader_path/Frameworks",
				);
				PRODUCT_BUNDLE_IDENTIFIER = com.codepath.DemoAppUITests;
				PRODUCT_NAME = "$(TARGET_NAME)";
				SWIFT_VERSION = 5.0;
				TARGETED_DEVICE_FAMILY = "1,2";
				TEST_TARGET_NAME = DemoApp;
			};
			name = Release;
		};
/* End XCBuildConfiguration section */

/* Begin XCConfigurationList section */
		86FCFC8B251EBCF8009D728A /* Build configuration list for PBXProject "DemoApp" */ = {
			isa = XCConfigurationList;
			buildConfigurations = (
				86FCFCB8251EBCFC009D728A /* Debug */,
				86FCFCB9251EBCFC009D728A /* Release */,
			);
			defaultConfigurationIsVisible = 0;
			defaultConfigurationName = Release;
		};
		86FCFCBA251EBCFC009D728A /* Build configuration list for PBXNativeTarget "DemoApp" */ = {
			isa = XCConfigurationList;
			buildConfigurations = (
				86FCFCBB251EBCFC009D728A /* Debug */,
				86FCFCBC251EBCFC009D728A /* Release */,
			);
			defaultConfigurationIsVisible = 0;
			defaultConfigurationName = Release;
		};
		86FCFCBD251EBCFC009D728A /* Build configuration list for PBXNativeTarget "DemoAppTests" */ = {
			isa = XCConfigurationList;
			buildConfigurations = (
				86FCFCBE251EBCFC009D728A /* Debug */,
				86FCFCBF251EBCFC009D728A /* Release */,
			);
			defaultConfigurationIsVisible = 0;
			defaultConfigurationName = Release;
		};
		86FCFCC0251EBCFC009D728A /* Build configuration list for PBXNativeTarget "DemoAppUITests" */ = {
			isa = XCConfigurationList;
			buildConfigurations = (
				86FCFCC1251EBCFC009D728A /* Debug */,
				86FCFCC2251EBCFC009D728A /* Release */,
			);
			defaultConfigurationIsVisible = 0;
			defaultConfigurationName = Release;
		};
/* End XCConfigurationList section */
	};
	rootObject = 86FCFC88251EBCF8009D728A /* Project object */;
}
